
Microsoft Visual Studio Solution File, Format Version 12.00
# Visual Studio Version 16
VisualStudioVersion = 16.0.34931.43
MinimumVisualStudioVersion = 10.0.40219.1
Project("{FAE04EC0-301F-11D3-BF4B-00C04F79EFBC}") = "ConditionalStatements", "ConditionalStatements\ConditionalStatements.csproj", "{D8A92750-A6EB-4E77-AB7B-DF66B5B6C726}"
EndProject
Global
	GlobalSection(SolutionConfigurationPlatforms) = preSolution
		Debug|Any CPU = Debug|Any CPU
		Release|Any CPU = Release|Any CPU
	EndGlobalSection
	GlobalSection(ProjectConfigurationPlatforms) = postSolution
		{D8A92750-A6EB-4E77-AB7B-DF66B5B6C726}.Debug|Any CPU.ActiveCfg = Debug|Any CPU
		{D8A92750-A6EB-4E77-AB7B-DF66B5B6C726}.Debug|Any CPU.Build.0 = Debug|Any CPU
		{D8A92750-A6EB-4E77-AB7B-DF66B5B6C726}.Release|Any CPU.ActiveCfg = Release|Any CPU
		{D8A92750-A6EB-4E77-AB7B-DF66B5B6C726}.Release|Any CPU.Build.0 = Release|Any CPU
	EndGlobalSection
	GlobalSection(SolutionProperties) = preSolution
		HideSolutionNode = FALSE
	EndGlobalSection
	GlobalSection(ExtensibilityGlobals) = postSolution
		SolutionGuid = {17F5BF22-259A-400A-831C-58535B72B9A0}
	EndGlobalSection
EndGlobal
